// !$*UTF8*$!
{
	archiveVersion = 1;
	classes = {
	};
	objectVersion = 56;
	objects = {

/* Begin PBXBuildFile section */
		9CE11AB02B7E454C0039CDE8 /* AlbumPickerApp.swift in Sources */ = {isa = PBXBuildFile; fileRef = 9CE11AAF2B7E454C0039CDE8 /* AlbumPickerApp.swift */; };
		9CE11AB22B7E454C0039CDE8 /* AlbumsView.swift in Sources */ = {isa = PBXBuildFile; fileRef = 9CE11AB12B7E454C0039CDE8 /* AlbumsView.swift */; };
		9CE11AB42B7E454D0039CDE8 /* Assets.xcassets in Resources */ = {isa = PBXBuildFile; fileRef = 9CE11AB32B7E454D0039CDE8 /* Assets.xcassets */; };
		9CE11AB72B7E454D0039CDE8 /* Preview Assets.xcassets in Resources */ = {isa = PBXBuildFile; fileRef = 9CE11AB62B7E454D0039CDE8 /* Preview Assets.xcassets */; };
		9CE11AC12B7E454D0039CDE8 /* AlbumPickerTests.swift in Sources */ = {isa = PBXBuildFile; fileRef = 9CE11AC02B7E454D0039CDE8 /* AlbumPickerTests.swift */; };
		9CE11ACB2B7E454D0039CDE8 /* AlbumPickerUITests.swift in Sources */ = {isa = PBXBuildFile; fileRef = 9CE11ACA2B7E454D0039CDE8 /* AlbumPickerUITests.swift */; };
		9CE11ACD2B7E454D0039CDE8 /* AlbumPickerUITestsLaunchTests.swift in Sources */ = {isa = PBXBuildFile; fileRef = 9CE11ACC2B7E454D0039CDE8 /* AlbumPickerUITestsLaunchTests.swift */; };
		9CE11ADB2B7E46750039CDE8 /* AlbumViewModel.swift in Sources */ = {isa = PBXBuildFile; fileRef = 9CE11ADA2B7E46750039CDE8 /* AlbumViewModel.swift */; };
		9CE11ADD2B7E470C0039CDE8 /* AlbumSectionType.swift in Sources */ = {isa = PBXBuildFile; fileRef = 9CE11ADC2B7E470C0039CDE8 /* AlbumSectionType.swift */; };
		9CE11ADF2B7E59560039CDE8 /* AlbumView.swift in Sources */ = {isa = PBXBuildFile; fileRef = 9CE11ADE2B7E59560039CDE8 /* AlbumView.swift */; };
		9CE11AE32B7E5E280039CDE8 /* PhotosView.swift in Sources */ = {isa = PBXBuildFile; fileRef = 9CE11AE22B7E5E280039CDE8 /* PhotosView.swift */; };
		9CE11AE52B7E5E330039CDE8 /* PhotosViewModel.swift in Sources */ = {isa = PBXBuildFile; fileRef = 9CE11AE42B7E5E330039CDE8 /* PhotosViewModel.swift */; };
		9CE11AE72B7E5F310039CDE8 /* PhotoDetailView.swift in Sources */ = {isa = PBXBuildFile; fileRef = 9CE11AE62B7E5F310039CDE8 /* PhotoDetailView.swift */; };
		9CE11AE92B7E5F3C0039CDE8 /* PhotoDetailViewModel.swift in Sources */ = {isa = PBXBuildFile; fileRef = 9CE11AE82B7E5F3C0039CDE8 /* PhotoDetailViewModel.swift */; };
/* End PBXBuildFile section */

/* Begin PBXContainerItemProxy section */
		9CE11ABD2B7E454D0039CDE8 /* PBXContainerItemProxy */ = {
			isa = PBXContainerItemProxy;
			containerPortal = 9CE11AA42B7E454C0039CDE8 /* Project object */;
			proxyType = 1;
			remoteGlobalIDString = 9CE11AAB2B7E454C0039CDE8;
			remoteInfo = AlbumPicker;
		};
		9CE11AC72B7E454D0039CDE8 /* PBXContainerItemProxy */ = {
			isa = PBXContainerItemProxy;
			containerPortal = 9CE11AA42B7E454C0039CDE8 /* Project object */;
			proxyType = 1;
			remoteGlobalIDString = 9CE11AAB2B7E454C0039CDE8;
			remoteInfo = AlbumPicker;
		};
/* End PBXContainerItemProxy section */

/* Begin PBXFileReference section */
		9CE11AAC2B7E454C0039CDE8 /* AlbumPicker.app */ = {isa = PBXFileReference; explicitFileType = wrapper.application; includeInIndex = 0; path = AlbumPicker.app; sourceTree = BUILT_PRODUCTS_DIR; };
		9CE11AAF2B7E454C0039CDE8 /* AlbumPickerApp.swift */ = {isa = PBXFileReference; lastKnownFileType = sourcecode.swift; path = AlbumPickerApp.swift; sourceTree = "<group>"; };
		9CE11AB12B7E454C0039CDE8 /* AlbumsView.swift */ = {isa = PBXFileReference; lastKnownFileType = sourcecode.swift; path = AlbumsView.swift; sourceTree = "<group>"; };
		9CE11AB32B7E454D0039CDE8 /* Assets.xcassets */ = {isa = PBXFileReference; lastKnownFileType = folder.assetcatalog; path = Assets.xcassets; sourceTree = "<group>"; };
		9CE11AB62B7E454D0039CDE8 /* Preview Assets.xcassets */ = {isa = PBXFileReference; lastKnownFileType = folder.assetcatalog; path = "Preview Assets.xcassets"; sourceTree = "<group>"; };
		9CE11ABC2B7E454D0039CDE8 /* AlbumPickerTests.xctest */ = {isa = PBXFileReference; explicitFileType = wrapper.cfbundle; includeInIndex = 0; path = AlbumPickerTests.xctest; sourceTree = BUILT_PRODUCTS_DIR; };
		9CE11AC02B7E454D0039CDE8 /* AlbumPickerTests.swift */ = {isa = PBXFileReference; lastKnownFileType = sourcecode.swift; path = AlbumPickerTests.swift; sourceTree = "<group>"; };
		9CE11AC62B7E454D0039CDE8 /* AlbumPickerUITests.xctest */ = {isa = PBXFileReference; explicitFileType = wrapper.cfbundle; includeInIndex = 0; path = AlbumPickerUITests.xctest; sourceTree = BUILT_PRODUCTS_DIR; };
		9CE11ACA2B7E454D0039CDE8 /* AlbumPickerUITests.swift */ = {isa = PBXFileReference; lastKnownFileType = sourcecode.swift; path = AlbumPickerUITests.swift; sourceTree = "<group>"; };
		9CE11ACC2B7E454D0039CDE8 /* AlbumPickerUITestsLaunchTests.swift */ = {isa = PBXFileReference; lastKnownFileType = sourcecode.swift; path = AlbumPickerUITestsLaunchTests.swift; sourceTree = "<group>"; };
		9CE11ADA2B7E46750039CDE8 /* AlbumViewModel.swift */ = {isa = PBXFileReference; lastKnownFileType = sourcecode.swift; path = AlbumViewModel.swift; sourceTree = "<group>"; };
		9CE11ADC2B7E470C0039CDE8 /* AlbumSectionType.swift */ = {isa = PBXFileReference; lastKnownFileType = sourcecode.swift; path = AlbumSectionType.swift; sourceTree = "<group>"; };
		9CE11ADE2B7E59560039CDE8 /* AlbumView.swift */ = {isa = PBXFileReference; lastKnownFileType = sourcecode.swift; path = AlbumView.swift; sourceTree = "<group>"; };
		9CE11AE22B7E5E280039CDE8 /* PhotosView.swift */ = {isa = PBXFileReference; lastKnownFileType = sourcecode.swift; path = PhotosView.swift; sourceTree = "<group>"; };
		9CE11AE42B7E5E330039CDE8 /* PhotosViewModel.swift */ = {isa = PBXFileReference; lastKnownFileType = sourcecode.swift; path = PhotosViewModel.swift; sourceTree = "<group>"; };
		9CE11AE62B7E5F310039CDE8 /* PhotoDetailView.swift */ = {isa = PBXFileReference; lastKnownFileType = sourcecode.swift; path = PhotoDetailView.swift; sourceTree = "<group>"; };
		9CE11AE82B7E5F3C0039CDE8 /* PhotoDetailViewModel.swift */ = {isa = PBXFileReference; lastKnownFileType = sourcecode.swift; path = PhotoDetailViewModel.swift; sourceTree = "<group>"; };
/* End PBXFileReference section */

/* Begin PBXFrameworksBuildPhase section */
		9CE11AA92B7E454C0039CDE8 /* Frameworks */ = {
			isa = PBXFrameworksBuildPhase;
			buildActionMask = 2147483647;
			files = (
			);
			runOnlyForDeploymentPostprocessing = 0;
		};
		9CE11AB92B7E454D0039CDE8 /* Frameworks */ = {
			isa = PBXFrameworksBuildPhase;
			buildActionMask = 2147483647;
			files = (
			);
			runOnlyForDeploymentPostprocessing = 0;
		};
		9CE11AC32B7E454D0039CDE8 /* Frameworks */ = {
			isa = PBXFrameworksBuildPhase;
			buildActionMask = 2147483647;
			files = (
			);
			runOnlyForDeploymentPostprocessing = 0;
		};
/* End PBXFrameworksBuildPhase section */

/* Begin PBXGroup section */
		9CE11AA32B7E454C0039CDE8 = {
			isa = PBXGroup;
			children = (
				9CE11AAE2B7E454C0039CDE8 /* AlbumPicker */,
				9CE11ABF2B7E454D0039CDE8 /* AlbumPickerTests */,
				9CE11AC92B7E454D0039CDE8 /* AlbumPickerUITests */,
				9CE11AAD2B7E454C0039CDE8 /* Products */,
			);
			sourceTree = "<group>";
		};
		9CE11AAD2B7E454C0039CDE8 /* Products */ = {
			isa = PBXGroup;
			children = (
				9CE11AAC2B7E454C0039CDE8 /* AlbumPicker.app */,
				9CE11ABC2B7E454D0039CDE8 /* AlbumPickerTests.xctest */,
				9CE11AC62B7E454D0039CDE8 /* AlbumPickerUITests.xctest */,
			);
			name = Products;
			sourceTree = "<group>";
		};
		9CE11AAE2B7E454C0039CDE8 /* AlbumPicker */ = {
			isa = PBXGroup;
			children = (
				9CE11AD92B7E46620039CDE8 /* Album */,
				9CE11AE02B7E5E0E0039CDE8 /* Photos */,
				9CE11AE12B7E5E150039CDE8 /* PhotoDetail */,
				9CE11AAF2B7E454C0039CDE8 /* AlbumPickerApp.swift */,
				9CE11AB32B7E454D0039CDE8 /* Assets.xcassets */,
				9CE11AB52B7E454D0039CDE8 /* Preview Content */,
			);
			path = AlbumPicker;
			sourceTree = "<group>";
		};
		9CE11AB52B7E454D0039CDE8 /* Preview Content */ = {
			isa = PBXGroup;
			children = (
				9CE11AB62B7E454D0039CDE8 /* Preview Assets.xcassets */,
			);
			path = "Preview Content";
			sourceTree = "<group>";
		};
		9CE11ABF2B7E454D0039CDE8 /* AlbumPickerTests */ = {
			isa = PBXGroup;
			children = (
				9CE11AC02B7E454D0039CDE8 /* AlbumPickerTests.swift */,
			);
			path = AlbumPickerTests;
			sourceTree = "<group>";
		};
		9CE11AC92B7E454D0039CDE8 /* AlbumPickerUITests */ = {
			isa = PBXGroup;
			children = (
				9CE11ACA2B7E454D0039CDE8 /* AlbumPickerUITests.swift */,
				9CE11ACC2B7E454D0039CDE8 /* AlbumPickerUITestsLaunchTests.swift */,
			);
			path = AlbumPickerUITests;
			sourceTree = "<group>";
		};
		9CE11AD92B7E46620039CDE8 /* Album */ = {
			isa = PBXGroup;
			children = (
				9CE11ADC2B7E470C0039CDE8 /* AlbumSectionType.swift */,
				9CE11ADA2B7E46750039CDE8 /* AlbumViewModel.swift */,
				9CE11AB12B7E454C0039CDE8 /* AlbumsView.swift */,
				9CE11ADE2B7E59560039CDE8 /* AlbumView.swift */,
			);
			path = Album;
			sourceTree = "<group>";
		};
		9CE11AE02B7E5E0E0039CDE8 /* Photos */ = {
			isa = PBXGroup;
			children = (
				9CE11AE22B7E5E280039CDE8 /* PhotosView.swift */,
				9CE11AE42B7E5E330039CDE8 /* PhotosViewModel.swift */,
			);
			path = Photos;
			sourceTree = "<group>";
		};
		9CE11AE12B7E5E150039CDE8 /* PhotoDetail */ = {
			isa = PBXGroup;
			children = (
				9CE11AE62B7E5F310039CDE8 /* PhotoDetailView.swift */,
				9CE11AE82B7E5F3C0039CDE8 /* PhotoDetailViewModel.swift */,
			);
			path = PhotoDetail;
			sourceTree = "<group>";
		};
/* End PBXGroup section */

/* Begin PBXNativeTarget section */
		9CE11AAB2B7E454C0039CDE8 /* AlbumPicker */ = {
			isa = PBXNativeTarget;
			buildConfigurationList = 9CE11AD02B7E454D0039CDE8 /* Build configuration list for PBXNativeTarget "AlbumPicker" */;
			buildPhases = (
				9CE11AA82B7E454C0039CDE8 /* Sources */,
				9CE11AA92B7E454C0039CDE8 /* Frameworks */,
				9CE11AAA2B7E454C0039CDE8 /* Resources */,
			);
			buildRules = (
			);
			dependencies = (
			);
			name = AlbumPicker;
			productName = AlbumPicker;
			productReference = 9CE11AAC2B7E454C0039CDE8 /* AlbumPicker.app */;
			productType = "com.apple.product-type.application";
		};
		9CE11ABB2B7E454D0039CDE8 /* AlbumPickerTests */ = {
			isa = PBXNativeTarget;
			buildConfigurationList = 9CE11AD32B7E454D0039CDE8 /* Build configuration list for PBXNativeTarget "AlbumPickerTests" */;
			buildPhases = (
				9CE11AB82B7E454D0039CDE8 /* Sources */,
				9CE11AB92B7E454D0039CDE8 /* Frameworks */,
				9CE11ABA2B7E454D0039CDE8 /* Resources */,
			);
			buildRules = (
			);
			dependencies = (
				9CE11ABE2B7E454D0039CDE8 /* PBXTargetDependency */,
			);
			name = AlbumPickerTests;
			productName = AlbumPickerTests;
			productReference = 9CE11ABC2B7E454D0039CDE8 /* AlbumPickerTests.xctest */;
			productType = "com.apple.product-type.bundle.unit-test";
		};
		9CE11AC52B7E454D0039CDE8 /* AlbumPickerUITests */ = {
			isa = PBXNativeTarget;
			buildConfigurationList = 9CE11AD62B7E454D0039CDE8 /* Build configuration list for PBXNativeTarget "AlbumPickerUITests" */;
			buildPhases = (
				9CE11AC22B7E454D0039CDE8 /* Sources */,
				9CE11AC32B7E454D0039CDE8 /* Frameworks */,
				9CE11AC42B7E454D0039CDE8 /* Resources */,
			);
			buildRules = (
			);
			dependencies = (
				9CE11AC82B7E454D0039CDE8 /* PBXTargetDependency */,
			);
			name = AlbumPickerUITests;
			productName = AlbumPickerUITests;
			productReference = 9CE11AC62B7E454D0039CDE8 /* AlbumPickerUITests.xctest */;
			productType = "com.apple.product-type.bundle.ui-testing";
		};
/* End PBXNativeTarget section */

/* Begin PBXProject section */
		9CE11AA42B7E454C0039CDE8 /* Project object */ = {
			isa = PBXProject;
			attributes = {
				BuildIndependentTargetsInParallel = 1;
				LastSwiftUpdateCheck = 1500;
				LastUpgradeCheck = 1500;
				TargetAttributes = {
					9CE11AAB2B7E454C0039CDE8 = {
						CreatedOnToolsVersion = 15.0;
					};
					9CE11ABB2B7E454D0039CDE8 = {
						CreatedOnToolsVersion = 15.0;
						TestTargetID = 9CE11AAB2B7E454C0039CDE8;
					};
					9CE11AC52B7E454D0039CDE8 = {
						CreatedOnToolsVersion = 15.0;
						TestTargetID = 9CE11AAB2B7E454C0039CDE8;
					};
				};
			};
			buildConfigurationList = 9CE11AA72B7E454C0039CDE8 /* Build configuration list for PBXProject "AlbumPicker" */;
			compatibilityVersion = "Xcode 14.0";
			developmentRegion = en;
			hasScannedForEncodings = 0;
			knownRegions = (
				en,
				Base,
			);
			mainGroup = 9CE11AA32B7E454C0039CDE8;
			productRefGroup = 9CE11AAD2B7E454C0039CDE8 /* Products */;
			projectDirPath = "";
			projectRoot = "";
			targets = (
				9CE11AAB2B7E454C0039CDE8 /* AlbumPicker */,
				9CE11ABB2B7E454D0039CDE8 /* AlbumPickerTests */,
				9CE11AC52B7E454D0039CDE8 /* AlbumPickerUITests */,
			);
		};
/* End PBXProject section */

/* Begin PBXResourcesBuildPhase section */
		9CE11AAA2B7E454C0039CDE8 /* Resources */ = {
			isa = PBXResourcesBuildPhase;
			buildActionMask = 2147483647;
			files = (
				9CE11AB72B7E454D0039CDE8 /* Preview Assets.xcassets in Resources */,
				9CE11AB42B7E454D0039CDE8 /* Assets.xcassets in Resources */,
			);
			runOnlyForDeploymentPostprocessing = 0;
		};
		9CE11ABA2B7E454D0039CDE8 /* Resources */ = {
			isa = PBXResourcesBuildPhase;
			buildActionMask = 2147483647;
			files = (
			);
			runOnlyForDeploymentPostprocessing = 0;
		};
		9CE11AC42B7E454D0039CDE8 /* Resources */ = {
			isa = PBXResourcesBuildPhase;
			buildActionMask = 2147483647;
			files = (
			);
			runOnlyForDeploymentPostprocessing = 0;
		};
/* End PBXResourcesBuildPhase section */

/* Begin PBXSourcesBuildPhase section */
		9CE11AA82B7E454C0039CDE8 /* Sources */ = {
			isa = PBXSourcesBuildPhase;
			buildActionMask = 2147483647;
			files = (
				9CE11AE92B7E5F3C0039CDE8 /* PhotoDetailViewModel.swift in Sources */,
				9CE11AE72B7E5F310039CDE8 /* PhotoDetailView.swift in Sources */,
				9CE11ADB2B7E46750039CDE8 /* AlbumViewModel.swift in Sources */,
				9CE11ADF2B7E59560039CDE8 /* AlbumView.swift in Sources */,
				9CE11AE52B7E5E330039CDE8 /* PhotosViewModel.swift in Sources */,
				9CE11ADD2B7E470C0039CDE8 /* AlbumSectionType.swift in Sources */,
				9CE11AE32B7E5E280039CDE8 /* PhotosView.swift in Sources */,
				9CE11AB22B7E454C0039CDE8 /* AlbumsView.swift in Sources */,
				9CE11AB02B7E454C0039CDE8 /* AlbumPickerApp.swift in Sources */,
			);
			runOnlyForDeploymentPostprocessing = 0;
		};
		9CE11AB82B7E454D0039CDE8 /* Sources */ = {
			isa = PBXSourcesBuildPhase;
			buildActionMask = 2147483647;
			files = (
				9CE11AC12B7E454D0039CDE8 /* AlbumPickerTests.swift in Sources */,
			);
			runOnlyForDeploymentPostprocessing = 0;
		};
		9CE11AC22B7E454D0039CDE8 /* Sources */ = {
			isa = PBXSourcesBuildPhase;
			buildActionMask = 2147483647;
			files = (
				9CE11ACD2B7E454D0039CDE8 /* AlbumPickerUITestsLaunchTests.swift in Sources */,
				9CE11ACB2B7E454D0039CDE8 /* AlbumPickerUITests.swift in Sources */,
			);
			runOnlyForDeploymentPostprocessing = 0;
		};
/* End PBXSourcesBuildPhase section */

/* Begin PBXTargetDependency section */
		9CE11ABE2B7E454D0039CDE8 /* PBXTargetDependency */ = {
			isa = PBXTargetDependency;
			target = 9CE11AAB2B7E454C0039CDE8 /* AlbumPicker */;
			targetProxy = 9CE11ABD2B7E454D0039CDE8 /* PBXContainerItemProxy */;
		};
		9CE11AC82B7E454D0039CDE8 /* PBXTargetDependency */ = {
			isa = PBXTargetDependency;
			target = 9CE11AAB2B7E454C0039CDE8 /* AlbumPicker */;
			targetProxy = 9CE11AC72B7E454D0039CDE8 /* PBXContainerItemProxy */;
		};
/* End PBXTargetDependency section */

/* Begin XCBuildConfiguration section */
		9CE11ACE2B7E454D0039CDE8 /* Debug */ = {
			isa = XCBuildConfiguration;
			buildSettings = {
				ALWAYS_SEARCH_USER_PATHS = NO;
				ASSETCATALOG_COMPILER_GENERATE_SWIFT_ASSET_SYMBOL_EXTENSIONS = YES;
				CLANG_ANALYZER_NONNULL = YES;
				CLANG_ANALYZER_NUMBER_OBJECT_CONVERSION = YES_AGGRESSIVE;
				CLANG_CXX_LANGUAGE_STANDARD = "gnu++20";
				CLANG_ENABLE_MODULES = YES;
				CLANG_ENABLE_OBJC_ARC = YES;
				CLANG_ENABLE_OBJC_WEAK = YES;
				CLANG_WARN_BLOCK_CAPTURE_AUTORELEASING = YES;
				CLANG_WARN_BOOL_CONVERSION = YES;
				CLANG_WARN_COMMA = YES;
				CLANG_WARN_CONSTANT_CONVERSION = YES;
				CLANG_WARN_DEPRECATED_OBJC_IMPLEMENTATIONS = YES;
				CLANG_WARN_DIRECT_OBJC_ISA_USAGE = YES_ERROR;
				CLANG_WARN_DOCUMENTATION_COMMENTS = YES;
				CLANG_WARN_EMPTY_BODY = YES;
				CLANG_WARN_ENUM_CONVERSION = YES;
				CLANG_WARN_INFINITE_RECURSION = YES;
				CLANG_WARN_INT_CONVERSION = YES;
				CLANG_WARN_NON_LITERAL_NULL_CONVERSION = YES;
				CLANG_WARN_OBJC_IMPLICIT_RETAIN_SELF = YES;
				CLANG_WARN_OBJC_LITERAL_CONVERSION = YES;
				CLANG_WARN_OBJC_ROOT_CLASS = YES_ERROR;
				CLANG_WARN_QUOTED_INCLUDE_IN_FRAMEWORK_HEADER = YES;
				CLANG_WARN_RANGE_LOOP_ANALYSIS = YES;
				CLANG_WARN_STRICT_PROTOTYPES = YES;
				CLANG_WARN_SUSPICIOUS_MOVE = YES;
				CLANG_WARN_UNGUARDED_AVAILABILITY = YES_AGGRESSIVE;
				CLANG_WARN_UNREACHABLE_CODE = YES;
				CLANG_WARN__DUPLICATE_METHOD_MATCH = YES;
				COPY_PHASE_STRIP = NO;
				DEBUG_INFORMATION_FORMAT = dwarf;
				ENABLE_STRICT_OBJC_MSGSEND = YES;
				ENABLE_TESTABILITY = YES;
				ENABLE_USER_SCRIPT_SANDBOXING = YES;
				GCC_C_LANGUAGE_STANDARD = gnu17;
				GCC_DYNAMIC_NO_PIC = NO;
				GCC_NO_COMMON_BLOCKS = YES;
				GCC_OPTIMIZATION_LEVEL = 0;
				GCC_PREPROCESSOR_DEFINITIONS = (
					"DEBUG=1",
					"$(inherited)",
				);
				GCC_WARN_64_TO_32_BIT_CONVERSION = YES;
				GCC_WARN_ABOUT_RETURN_TYPE = YES_ERROR;
				GCC_WARN_UNDECLARED_SELECTOR = YES;
				GCC_WARN_UNINITIALIZED_AUTOS = YES_AGGRESSIVE;
				GCC_WARN_UNUSED_FUNCTION = YES;
				GCC_WARN_UNUSED_VARIABLE = YES;
				IPHONEOS_DEPLOYMENT_TARGET = 17.0;
				LOCALIZATION_PREFERS_STRING_CATALOGS = YES;
				MTL_ENABLE_DEBUG_INFO = INCLUDE_SOURCE;
				MTL_FAST_MATH = YES;
				ONLY_ACTIVE_ARCH = YES;
				SDKROOT = iphoneos;
				SWIFT_ACTIVE_COMPILATION_CONDITIONS = "DEBUG $(inherited)";
				SWIFT_OPTIMIZATION_LEVEL = "-Onone";
			};
			name = Debug;
		};
		9CE11ACF2B7E454D0039CDE8 /* Release */ = {
			isa = XCBuildConfiguration;
			buildSettings = {
				ALWAYS_SEARCH_USER_PATHS = NO;
				ASSETCATALOG_COMPILER_GENERATE_SWIFT_ASSET_SYMBOL_EXTENSIONS = YES;
				CLANG_ANALYZER_NONNULL = YES;
				CLANG_ANALYZER_NUMBER_OBJECT_CONVERSION = YES_AGGRESSIVE;
				CLANG_CXX_LANGUAGE_STANDARD = "gnu++20";
				CLANG_ENABLE_MODULES = YES;
				CLANG_ENABLE_OBJC_ARC = YES;
				CLANG_ENABLE_OBJC_WEAK = YES;
				CLANG_WARN_BLOCK_CAPTURE_AUTORELEASING = YES;
				CLANG_WARN_BOOL_CONVERSION = YES;
				CLANG_WARN_COMMA = YES;
				CLANG_WARN_CONSTANT_CONVERSION = YES;
				CLANG_WARN_DEPRECATED_OBJC_IMPLEMENTATIONS = YES;
				CLANG_WARN_DIRECT_OBJC_ISA_USAGE = YES_ERROR;
				CLANG_WARN_DOCUMENTATION_COMMENTS = YES;
				CLANG_WARN_EMPTY_BODY = YES;
				CLANG_WARN_ENUM_CONVERSION = YES;
				CLANG_WARN_INFINITE_RECURSION = YES;
				CLANG_WARN_INT_CONVERSION = YES;
				CLANG_WARN_NON_LITERAL_NULL_CONVERSION = YES;
				CLANG_WARN_OBJC_IMPLICIT_RETAIN_SELF = YES;
				CLANG_WARN_OBJC_LITERAL_CONVERSION = YES;
				CLANG_WARN_OBJC_ROOT_CLASS = YES_ERROR;
				CLANG_WARN_QUOTED_INCLUDE_IN_FRAMEWORK_HEADER = YES;
				CLANG_WARN_RANGE_LOOP_ANALYSIS = YES;
				CLANG_WARN_STRICT_PROTOTYPES = YES;
				CLANG_WARN_SUSPICIOUS_MOVE = YES;
				CLANG_WARN_UNGUARDED_AVAILABILITY = YES_AGGRESSIVE;
				CLANG_WARN_UNREACHABLE_CODE = YES;
				CLANG_WARN__DUPLICATE_METHOD_MATCH = YES;
				COPY_PHASE_STRIP = NO;
				DEBUG_INFORMATION_FORMAT = "dwarf-with-dsym";
				ENABLE_NS_ASSERTIONS = NO;
				ENABLE_STRICT_OBJC_MSGSEND = YES;
				ENABLE_USER_SCRIPT_SANDBOXING = YES;
				GCC_C_LANGUAGE_STANDARD = gnu17;
				GCC_NO_COMMON_BLOCKS = YES;
				GCC_WARN_64_TO_32_BIT_CONVERSION = YES;
				GCC_WARN_ABOUT_RETURN_TYPE = YES_ERROR;
				GCC_WARN_UNDECLARED_SELECTOR = YES;
				GCC_WARN_UNINITIALIZED_AUTOS = YES_AGGRESSIVE;
				GCC_WARN_UNUSED_FUNCTION = YES;
				GCC_WARN_UNUSED_VARIABLE = YES;
				IPHONEOS_DEPLOYMENT_TARGET = 17.0;
				LOCALIZATION_PREFERS_STRING_CATALOGS = YES;
				MTL_ENABLE_DEBUG_INFO = NO;
				MTL_FAST_MATH = YES;
				SDKROOT = iphoneos;
				SWIFT_COMPILATION_MODE = wholemodule;
				VALIDATE_PRODUCT = YES;
			};
			name = Release;
		};
		9CE11AD12B7E454D0039CDE8 /* Debug */ = {
			isa = XCBuildConfiguration;
			buildSettings = {
				ASSETCATALOG_COMPILER_APPICON_NAME = AppIcon;
				ASSETCATALOG_COMPILER_GLOBAL_ACCENT_COLOR_NAME = AccentColor;
				CODE_SIGN_STYLE = Automatic;
				CURRENT_PROJECT_VERSION = 1;
				DEVELOPMENT_ASSET_PATHS = "\"AlbumPicker/Preview Content\"";
				DEVELOPMENT_TEAM = 2S2DU97DFV;
				ENABLE_PREVIEWS = YES;
				GENERATE_INFOPLIST_FILE = YES;
				INFOPLIST_KEY_NSPhotoLibraryUsageDescription = "Show me your photos so that I can show you cool stuff!";
				INFOPLIST_KEY_UIApplicationSceneManifest_Generation = YES;
				INFOPLIST_KEY_UIApplicationSupportsIndirectInputEvents = YES;
				INFOPLIST_KEY_UILaunchScreen_Generation = YES;
				INFOPLIST_KEY_UISupportedInterfaceOrientations_iPad = "UIInterfaceOrientationPortrait UIInterfaceOrientationPortraitUpsideDown UIInterfaceOrientationLandscapeLeft UIInterfaceOrientationLandscapeRight";
				INFOPLIST_KEY_UISupportedInterfaceOrientations_iPhone = "UIInterfaceOrientationPortrait UIInterfaceOrientationLandscapeLeft UIInterfaceOrientationLandscapeRight";
				LD_RUNPATH_SEARCH_PATHS = (
					"$(inherited)",
					"@executable_path/Frameworks",
				);
				MARKETING_VERSION = 1.0;
				PRODUCT_BUNDLE_IDENTIFIER = com.sampleApp.AlbumPicker;
				PRODUCT_NAME = "$(TARGET_NAME)";
				SWIFT_EMIT_LOC_STRINGS = YES;
				SWIFT_VERSION = 5.0;
				TARGETED_DEVICE_FAMILY = "1,2";
			};
			name = Debug;
		};
		9CE11AD22B7E454D0039CDE8 /* Release */ = {
			isa = XCBuildConfiguration;
			buildSettings = {
				ASSETCATALOG_COMPILER_APPICON_NAME = AppIcon;
				ASSETCATALOG_COMPILER_GLOBAL_ACCENT_COLOR_NAME = AccentColor;
				CODE_SIGN_STYLE = Automatic;
				CURRENT_PROJECT_VERSION = 1;
				DEVELOPMENT_ASSET_PATHS = "\"AlbumPicker/Preview Content\"";
				DEVELOPMENT_TEAM = 2S2DU97DFV;
				ENABLE_PREVIEWS = YES;
				GENERATE_INFOPLIST_FILE = YES;
				INFOPLIST_KEY_NSPhotoLibraryUsageDescription = "Show me your photos so that I can show you cool stuff!";
				INFOPLIST_KEY_UIApplicationSceneManifest_Generation = YES;
				INFOPLIST_KEY_UIApplicationSupportsIndirectInputEvents = YES;
				INFOPLIST_KEY_UILaunchScreen_Generation = YES;
				INFOPLIST_KEY_UISupportedInterfaceOrientations_iPad = "UIInterfaceOrientationPortrait UIInterfaceOrientationPortraitUpsideDown UIInterfaceOrientationLandscapeLeft UIInterfaceOrientationLandscapeRight";
				INFOPLIST_KEY_UISupportedInterfaceOrientations_iPhone = "UIInterfaceOrientationPortrait UIInterfaceOrientationLandscapeLeft UIInterfaceOrientationLandscapeRight";
				LD_RUNPATH_SEARCH_PATHS = (
					"$(inherited)",
					"@executable_path/Frameworks",
				);
				MARKETING_VERSION = 1.0;
				PRODUCT_BUNDLE_IDENTIFIER = com.sampleApp.AlbumPicker;
				PRODUCT_NAME = "$(TARGET_NAME)";
				SWIFT_EMIT_LOC_STRINGS = YES;
				SWIFT_VERSION = 5.0;
				TARGETED_DEVICE_FAMILY = "1,2";
			};
			name = Release;
		};
		9CE11AD42B7E454D0039CDE8 /* Debug */ = {
			isa = XCBuildConfiguration;
			buildSettings = {
				ALWAYS_EMBED_SWIFT_STANDARD_LIBRARIES = YES;
				BUNDLE_LOADER = "$(TEST_HOST)";
				CODE_SIGN_STYLE = Automatic;
				CURRENT_PROJECT_VERSION = 1;
				DEVELOPMENT_TEAM = 2S2DU97DFV;
				GENERATE_INFOPLIST_FILE = YES;
				IPHONEOS_DEPLOYMENT_TARGET = 17.0;
				MARKETING_VERSION = 1.0;
				PRODUCT_BUNDLE_IDENTIFIER = com.sampleApp.AlbumPickerTests;
				PRODUCT_NAME = "$(TARGET_NAME)";
				SWIFT_EMIT_LOC_STRINGS = NO;
				SWIFT_VERSION = 5.0;
				TARGETED_DEVICE_FAMILY = "1,2";
				TEST_HOST = "$(BUILT_PRODUCTS_DIR)/AlbumPicker.app/$(BUNDLE_EXECUTABLE_FOLDER_PATH)/AlbumPicker";
			};
			name = Debug;
		};
		9CE11AD52B7E454D0039CDE8 /* Release */ = {
			isa = XCBuildConfiguration;
			buildSettings = {
				ALWAYS_EMBED_SWIFT_STANDARD_LIBRARIES = YES;
				BUNDLE_LOADER = "$(TEST_HOST)";
				CODE_SIGN_STYLE = Automatic;
				CURRENT_PROJECT_VERSION = 1;
				DEVELOPMENT_TEAM = 2S2DU97DFV;
				GENERATE_INFOPLIST_FILE = YES;
				IPHONEOS_DEPLOYMENT_TARGET = 17.0;
				MARKETING_VERSION = 1.0;
				PRODUCT_BUNDLE_IDENTIFIER = com.sampleApp.AlbumPickerTests;
				PRODUCT_NAME = "$(TARGET_NAME)";
				SWIFT_EMIT_LOC_STRINGS = NO;
				SWIFT_VERSION = 5.0;
				TARGETED_DEVICE_FAMILY = "1,2";
				TEST_HOST = "$(BUILT_PRODUCTS_DIR)/AlbumPicker.app/$(BUNDLE_EXECUTABLE_FOLDER_PATH)/AlbumPicker";
			};
			name = Release;
		};
		9CE11AD72B7E454D0039CDE8 /* Debug */ = {
			isa = XCBuildConfiguration;
			buildSettings = {
				ALWAYS_EMBED_SWIFT_STANDARD_LIBRARIES = YES;
				CODE_SIGN_STYLE = Automatic;
				CURRENT_PROJECT_VERSION = 1;
				DEVELOPMENT_TEAM = 2S2DU97DFV;
				GENERATE_INFOPLIST_FILE = YES;
				MARKETING_VERSION = 1.0;
				PRODUCT_BUNDLE_IDENTIFIER = com.sampleApp.AlbumPickerUITests;
				PRODUCT_NAME = "$(TARGET_NAME)";
				SWIFT_EMIT_LOC_STRINGS = NO;
				SWIFT_VERSION = 5.0;
				TARGETED_DEVICE_FAMILY = "1,2";
				TEST_TARGET_NAME = AlbumPicker;
			};
			name = Debug;
		};
		9CE11AD82B7E454D0039CDE8 /* Release */ = {
			isa = XCBuildConfiguration;
			buildSettings = {
				ALWAYS_EMBED_SWIFT_STANDARD_LIBRARIES = YES;
				CODE_SIGN_STYLE = Automatic;
				CURRENT_PROJECT_VERSION = 1;
				DEVELOPMENT_TEAM = 2S2DU97DFV;
				GENERATE_INFOPLIST_FILE = YES;
				MARKETING_VERSION = 1.0;
				PRODUCT_BUNDLE_IDENTIFIER = com.sampleApp.AlbumPickerUITests;
				PRODUCT_NAME = "$(TARGET_NAME)";
				SWIFT_EMIT_LOC_STRINGS = NO;
				SWIFT_VERSION = 5.0;
				TARGETED_DEVICE_FAMILY = "1,2";
				TEST_TARGET_NAME = AlbumPicker;
			};
			name = Release;
		};
/* End XCBuildConfiguration section */

/* Begin XCConfigurationList section */
		9CE11AA72B7E454C0039CDE8 /* Build configuration list for PBXProject "AlbumPicker" */ = {
			isa = XCConfigurationList;
			buildConfigurations = (
				9CE11ACE2B7E454D0039CDE8 /* Debug */,
				9CE11ACF2B7E454D0039CDE8 /* Release */,
			);
			defaultConfigurationIsVisible = 0;
			defaultConfigurationName = Release;
		};
		9CE11AD02B7E454D0039CDE8 /* Build configuration list for PBXNativeTarget "AlbumPicker" */ = {
			isa = XCConfigurationList;
			buildConfigurations = (
				9CE11AD12B7E454D0039CDE8 /* Debug */,
				9CE11AD22B7E454D0039CDE8 /* Release */,
			);
			defaultConfigurationIsVisible = 0;
			defaultConfigurationName = Release;
		};
		9CE11AD32B7E454D0039CDE8 /* Build configuration list for PBXNativeTarget "AlbumPickerTests" */ = {
			isa = XCConfigurationList;
			buildConfigurations = (
				9CE11AD42B7E454D0039CDE8 /* Debug */,
				9CE11AD52B7E454D0039CDE8 /* Release */,
			);
			defaultConfigurationIsVisible = 0;
			defaultConfigurationName = Release;
		};
		9CE11AD62B7E454D0039CDE8 /* Build configuration list for PBXNativeTarget "AlbumPickerUITests" */ = {
			isa = XCConfigurationList;
			buildConfigurations = (
				9CE11AD72B7E454D0039CDE8 /* Debug */,
				9CE11AD82B7E454D0039CDE8 /* Release */,
			);
			defaultConfigurationIsVisible = 0;
			defaultConfigurationName = Release;
		};
/* End XCConfigurationList section */
	};
	rootObject = 9CE11AA42B7E454C0039CDE8 /* Project object */;
}
